
Microsoft Visual Studio Solution File, Format Version 12.00
# Visual Studio Version 17
VisualStudioVersion = 17.0.31903.59
MinimumVisualStudioVersion = 10.0.40219.1
Project("{FAE04EC0-301F-11D3-BF4B-00C04F79EFBC}") = "Api", "Api\Api.csproj", "{4F1B0285-D96E-47BB-9E85-68B47BDB22BD}"
EndProject
Project("{FAE04EC0-301F-11D3-BF4B-00C04F79EFBC}") = "Domain", "Domain\Domain.csproj", "{952F2670-CC6E-41D1-80F4-E8267B497D5B}"
EndProject
Project("{FAE04EC0-301F-11D3-BF4B-00C04F79EFBC}") = "UnitTests", "UnitTests\UnitTests.csproj", "{C0C9B68B-9C73-4F69-94DE-C8FB06C46F62}"
EndProject
Project("{FAE04EC0-301F-11D3-BF4B-00C04F79EFBC}") = "Application", "Application\Application.csproj", "{896E2C1B-8AF6-488E-B7CE-7493BBE8887E}"
EndProject
Project("{FAE04EC0-301F-11D3-BF4B-00C04F79EFBC}") = "Infrastructure", "Infrastructure\Infrastructure.csproj", "{DA1CBCC2-757D-46D0-8A84-0AD4E133C637}"
EndProject
Global
	GlobalSection(SolutionConfigurationPlatforms) = preSolution
		Debug|Any CPU = Debug|Any CPU
		Debug|x64 = Debug|x64
		Debug|x86 = Debug|x86
		Release|Any CPU = Release|Any CPU
		Release|x64 = Release|x64
		Release|x86 = Release|x86
	EndGlobalSection
	GlobalSection(ProjectConfigurationPlatforms) = postSolution
		{4F1B0285-D96E-47BB-9E85-68B47BDB22BD}.Debug|Any CPU.ActiveCfg = Debug|Any CPU
		{4F1B0285-D96E-47BB-9E85-68B47BDB22BD}.Debug|Any CPU.Build.0 = Debug|Any CPU
		{4F1B0285-D96E-47BB-9E85-68B47BDB22BD}.Debug|x64.ActiveCfg = Debug|Any CPU
		{4F1B0285-D96E-47BB-9E85-68B47BDB22BD}.Debug|x64.Build.0 = Debug|Any CPU
		{4F1B0285-D96E-47BB-9E85-68B47BDB22BD}.Debug|x86.ActiveCfg = Debug|Any CPU
		{4F1B0285-D96E-47BB-9E85-68B47BDB22BD}.Debug|x86.Build.0 = Debug|Any CPU
		{4F1B0285-D96E-47BB-9E85-68B47BDB22BD}.Release|Any CPU.ActiveCfg = Release|Any CPU
		{4F1B0285-D96E-47BB-9E85-68B47BDB22BD}.Release|Any CPU.Build.0 = Release|Any CPU
		{4F1B0285-D96E-47BB-9E85-68B47BDB22BD}.Release|x64.ActiveCfg = Release|Any CPU
		{4F1B0285-D96E-47BB-9E85-68B47BDB22BD}.Release|x64.Build.0 = Release|Any CPU
		{4F1B0285-D96E-47BB-9E85-68B47BDB22BD}.Release|x86.ActiveCfg = Release|Any CPU
		{4F1B0285-D96E-47BB-9E85-68B47BDB22BD}.Release|x86.Build.0 = Release|Any CPU
		{952F2670-CC6E-41D1-80F4-E8267B497D5B}.Debug|Any CPU.ActiveCfg = Debug|Any CPU
		{952F2670-CC6E-41D1-80F4-E8267B497D5B}.Debug|Any CPU.Build.0 = Debug|Any CPU
		{952F2670-CC6E-41D1-80F4-E8267B497D5B}.Debug|x64.ActiveCfg = Debug|Any CPU
		{952F2670-CC6E-41D1-80F4-E8267B497D5B}.Debug|x64.Build.0 = Debug|Any CPU
		{952F2670-CC6E-41D1-80F4-E8267B497D5B}.Debug|x86.ActiveCfg = Debug|Any CPU
		{952F2670-CC6E-41D1-80F4-E8267B497D5B}.Debug|x86.Build.0 = Debug|Any CPU
		{952F2670-CC6E-41D1-80F4-E8267B497D5B}.Release|Any CPU.ActiveCfg = Release|Any CPU
		{952F2670-CC6E-41D1-80F4-E8267B497D5B}.Release|Any CPU.Build.0 = Release|Any CPU
		{952F2670-CC6E-41D1-80F4-E8267B497D5B}.Release|x64.ActiveCfg = Release|Any CPU
		{952F2670-CC6E-41D1-80F4-E8267B497D5B}.Release|x64.Build.0 = Release|Any CPU
		{952F2670-CC6E-41D1-80F4-E8267B497D5B}.Release|x86.ActiveCfg = Release|Any CPU
		{952F2670-CC6E-41D1-80F4-E8267B497D5B}.Release|x86.Build.0 = Release|Any CPU
		{C0C9B68B-9C73-4F69-94DE-C8FB06C46F62}.Debug|Any CPU.ActiveCfg = Debug|Any CPU
		{C0C9B68B-9C73-4F69-94DE-C8FB06C46F62}.Debug|Any CPU.Build.0 = Debug|Any CPU
		{C0C9B68B-9C73-4F69-94DE-C8FB06C46F62}.Debug|x64.ActiveCfg = Debug|Any CPU
		{C0C9B68B-9C73-4F69-94DE-C8FB06C46F62}.Debug|x64.Build.0 = Debug|Any CPU
		{C0C9B68B-9C73-4F69-94DE-C8FB06C46F62}.Debug|x86.ActiveCfg = Debug|Any CPU
		{C0C9B68B-9C73-4F69-94DE-C8FB06C46F62}.Debug|x86.Build.0 = Debug|Any CPU
		{C0C9B68B-9C73-4F69-94DE-C8FB06C46F62}.Release|Any CPU.ActiveCfg = Release|Any CPU
		{C0C9B68B-9C73-4F69-94DE-C8FB06C46F62}.Release|Any CPU.Build.0 = Release|Any CPU
		{C0C9B68B-9C73-4F69-94DE-C8FB06C46F62}.Release|x64.ActiveCfg = Release|Any CPU
		{C0C9B68B-9C73-4F69-94DE-C8FB06C46F62}.Release|x64.Build.0 = Release|Any CPU
		{C0C9B68B-9C73-4F69-94DE-C8FB06C46F62}.Release|x86.ActiveCfg = Release|Any CPU
		{C0C9B68B-9C73-4F69-94DE-C8FB06C46F62}.Release|x86.Build.0 = Release|Any CPU
		{896E2C1B-8AF6-488E-B7CE-7493BBE8887E}.Debug|Any CPU.ActiveCfg = Debug|Any CPU
		{896E2C1B-8AF6-488E-B7CE-7493BBE8887E}.Debug|Any CPU.Build.0 = Debug|Any CPU
		{896E2C1B-8AF6-488E-B7CE-7493BBE8887E}.Debug|x64.ActiveCfg = Debug|Any CPU
		{896E2C1B-8AF6-488E-B7CE-7493BBE8887E}.Debug|x64.Build.0 = Debug|Any CPU
		{896E2C1B-8AF6-488E-B7CE-7493BBE8887E}.Debug|x86.ActiveCfg = Debug|Any CPU
		{896E2C1B-8AF6-488E-B7CE-7493BBE8887E}.Debug|x86.Build.0 = Debug|Any CPU
		{896E2C1B-8AF6-488E-B7CE-7493BBE8887E}.Release|Any CPU.ActiveCfg = Release|Any CPU
		{896E2C1B-8AF6-488E-B7CE-7493BBE8887E}.Release|Any CPU.Build.0 = Release|Any CPU
		{896E2C1B-8AF6-488E-B7CE-7493BBE8887E}.Release|x64.ActiveCfg = Release|Any CPU
		{896E2C1B-8AF6-488E-B7CE-7493BBE8887E}.Release|x64.Build.0 = Release|Any CPU
		{896E2C1B-8AF6-488E-B7CE-7493BBE8887E}.Release|x86.ActiveCfg = Release|Any CPU
		{896E2C1B-8AF6-488E-B7CE-7493BBE8887E}.Release|x86.Build.0 = Release|Any CPU
		{DA1CBCC2-757D-46D0-8A84-0AD4E133C637}.Debug|Any CPU.ActiveCfg = Debug|Any CPU
		{DA1CBCC2-757D-46D0-8A84-0AD4E133C637}.Debug|Any CPU.Build.0 = Debug|Any CPU
		{DA1CBCC2-757D-46D0-8A84-0AD4E133C637}.Debug|x64.ActiveCfg = Debug|Any CPU
		{DA1CBCC2-757D-46D0-8A84-0AD4E133C637}.Debug|x64.Build.0 = Debug|Any CPU
		{DA1CBCC2-757D-46D0-8A84-0AD4E133C637}.Debug|x86.ActiveCfg = Debug|Any CPU
		{DA1CBCC2-757D-46D0-8A84-0AD4E133C637}.Debug|x86.Build.0 = Debug|Any CPU
		{DA1CBCC2-757D-46D0-8A84-0AD4E133C637}.Release|Any CPU.ActiveCfg = Release|Any CPU
		{DA1CBCC2-757D-46D0-8A84-0AD4E133C637}.Release|Any CPU.Build.0 = Release|Any CPU
		{DA1CBCC2-757D-46D0-8A84-0AD4E133C637}.Release|x64.ActiveCfg = Release|Any CPU
		{DA1CBCC2-757D-46D0-8A84-0AD4E133C637}.Release|x64.Build.0 = Release|Any CPU
		{DA1CBCC2-757D-46D0-8A84-0AD4E133C637}.Release|x86.ActiveCfg = Release|Any CPU
		{DA1CBCC2-757D-46D0-8A84-0AD4E133C637}.Release|x86.Build.0 = Release|Any CPU
	EndGlobalSection
	GlobalSection(SolutionProperties) = preSolution
		HideSolutionNode = FALSE
	EndGlobalSection
	GlobalSection(ExtensibilityGlobals) = postSolution
		SolutionGuid = {56A47568-23B8-47D4-B26A-EB551EA890B1}
	EndGlobalSection
EndGlobal
