
Microsoft Visual Studio Solution File, Format Version 12.00
# Visual Studio Version 18
VisualStudioVersion = 18.1.11304.174 d18.0
MinimumVisualStudioVersion = 10.0.40219.1
Project("{2150E333-8FDC-42A3-9474-1A3956D46DE8}") = "backend", "backend", "{1AE8ACA6-933B-BF2A-3671-3E2EAC007D16}"
EndProject
Project("{2150E333-8FDC-42A3-9474-1A3956D46DE8}") = "src", "src", "{0F9113EE-888A-26D2-68B0-4A7D0A2A8745}"
EndProject
Project("{FAE04EC0-301F-11D3-BF4B-00C04F79EFBC}") = "Domain", "backend\src\Domain\Domain.csproj", "{E316D3E7-3351-435C-9D7F-03F248F40D64}"
EndProject
Project("{FAE04EC0-301F-11D3-BF4B-00C04F79EFBC}") = "Application", "backend\src\Application\Application.csproj", "{7B3B7200-A043-4E09-AE68-088EFFC17A31}"
EndProject
Project("{FAE04EC0-301F-11D3-BF4B-00C04F79EFBC}") = "Infrastructure", "backend\src\Infrastructure\Infrastructure.csproj", "{61BAED57-AC6F-4D3D-B63B-6DF2B4483EB0}"
EndProject
Project("{FAE04EC0-301F-11D3-BF4B-00C04F79EFBC}") = "Api", "backend\src\Api\Api.csproj", "{7C03B876-AA36-4E43-82D1-4F88C04ADFA8}"
EndProject
Project("{FAE04EC0-301F-11D3-BF4B-00C04F79EFBC}") = "UnitTests", "backend\UnitTests\UnitTests.csproj", "{9CA03C84-753D-498E-BFD5-C7FB8798F64E}"
EndProject
Project("{2150E333-8FDC-42A3-9474-1A3956D46DE8}") = "clients", "clients", "{9123F88B-E531-3118-42D7-ED8CEF4BD00E}"
EndProject
Project("{FAE04EC0-301F-11D3-BF4B-00C04F79EFBC}") = "AdminWeb", "clients\AdminWeb\AdminWeb.csproj", "{E45F07EE-1342-499A-80CC-D50AA1879620}"
EndProject
Project("{FAE04EC0-301F-11D3-BF4B-00C04F79EFBC}") = "TableOrdering.Contracts", "clients\TableOrdering.Contracts\TableOrdering.Contracts.csproj", "{F852D27D-0C59-4A11-B653-2F09FAA98287}"
EndProject
Project("{FAE04EC0-301F-11D3-BF4B-00C04F79EFBC}") = "CustomerWeb", "clients\CustomerWeb\CustomerWeb.csproj", "{B7378AE6-D384-4A8A-B6E6-0EE9B36F9DDC}"
EndProject
Project("{FAE04EC0-301F-11D3-BF4B-00C04F79EFBC}") = "KdsWeb", "clients\KdsWeb\KdsWeb.csproj", "{2DEB96A6-DCDD-4F88-AD7F-DFD1E0DC36A4}"
EndProject
Project("{FAE04EC0-301F-11D3-BF4B-00C04F79EFBC}") = "WaiterApp", "clients\WaiterApp\WaiterApp.csproj", "{20710520-26FF-4979-AAF5-FEFF4D2A36B0}"
EndProject
Global
	GlobalSection(SolutionConfigurationPlatforms) = preSolution
		Debug|Any CPU = Debug|Any CPU
		Debug|x64 = Debug|x64
		Debug|x86 = Debug|x86
		Release|Any CPU = Release|Any CPU
		Release|x64 = Release|x64
		Release|x86 = Release|x86
	EndGlobalSection
	GlobalSection(ProjectConfigurationPlatforms) = postSolution
		{E316D3E7-3351-435C-9D7F-03F248F40D64}.Debug|Any CPU.ActiveCfg = Debug|Any CPU
		{E316D3E7-3351-435C-9D7F-03F248F40D64}.Debug|Any CPU.Build.0 = Debug|Any CPU
		{E316D3E7-3351-435C-9D7F-03F248F40D64}.Debug|x64.ActiveCfg = Debug|Any CPU
		{E316D3E7-3351-435C-9D7F-03F248F40D64}.Debug|x64.Build.0 = Debug|Any CPU
		{E316D3E7-3351-435C-9D7F-03F248F40D64}.Debug|x86.ActiveCfg = Debug|Any CPU
		{E316D3E7-3351-435C-9D7F-03F248F40D64}.Debug|x86.Build.0 = Debug|Any CPU
		{E316D3E7-3351-435C-9D7F-03F248F40D64}.Release|Any CPU.ActiveCfg = Release|Any CPU
		{E316D3E7-3351-435C-9D7F-03F248F40D64}.Release|Any CPU.Build.0 = Release|Any CPU
		{E316D3E7-3351-435C-9D7F-03F248F40D64}.Release|x64.ActiveCfg = Release|Any CPU
		{E316D3E7-3351-435C-9D7F-03F248F40D64}.Release|x64.Build.0 = Release|Any CPU
		{E316D3E7-3351-435C-9D7F-03F248F40D64}.Release|x86.ActiveCfg = Release|Any CPU
		{E316D3E7-3351-435C-9D7F-03F248F40D64}.Release|x86.Build.0 = Release|Any CPU
		{7B3B7200-A043-4E09-AE68-088EFFC17A31}.Debug|Any CPU.ActiveCfg = Debug|Any CPU
		{7B3B7200-A043-4E09-AE68-088EFFC17A31}.Debug|Any CPU.Build.0 = Debug|Any CPU
		{7B3B7200-A043-4E09-AE68-088EFFC17A31}.Debug|x64.ActiveCfg = Debug|Any CPU
		{7B3B7200-A043-4E09-AE68-088EFFC17A31}.Debug|x64.Build.0 = Debug|Any CPU
		{7B3B7200-A043-4E09-AE68-088EFFC17A31}.Debug|x86.ActiveCfg = Debug|Any CPU
		{7B3B7200-A043-4E09-AE68-088EFFC17A31}.Debug|x86.Build.0 = Debug|Any CPU
		{7B3B7200-A043-4E09-AE68-088EFFC17A31}.Release|Any CPU.ActiveCfg = Release|Any CPU
		{7B3B7200-A043-4E09-AE68-088EFFC17A31}.Release|Any CPU.Build.0 = Release|Any CPU
		{7B3B7200-A043-4E09-AE68-088EFFC17A31}.Release|x64.ActiveCfg = Release|Any CPU
		{7B3B7200-A043-4E09-AE68-088EFFC17A31}.Release|x64.Build.0 = Release|Any CPU
		{7B3B7200-A043-4E09-AE68-088EFFC17A31}.Release|x86.ActiveCfg = Release|Any CPU
		{7B3B7200-A043-4E09-AE68-088EFFC17A31}.Release|x86.Build.0 = Release|Any CPU
		{61BAED57-AC6F-4D3D-B63B-6DF2B4483EB0}.Debug|Any CPU.ActiveCfg = Debug|Any CPU
		{61BAED57-AC6F-4D3D-B63B-6DF2B4483EB0}.Debug|Any CPU.Build.0 = Debug|Any CPU
		{61BAED57-AC6F-4D3D-B63B-6DF2B4483EB0}.Debug|x64.ActiveCfg = Debug|Any CPU
		{61BAED57-AC6F-4D3D-B63B-6DF2B4483EB0}.Debug|x64.Build.0 = Debug|Any CPU
		{61BAED57-AC6F-4D3D-B63B-6DF2B4483EB0}.Debug|x86.ActiveCfg = Debug|Any CPU
		{61BAED57-AC6F-4D3D-B63B-6DF2B4483EB0}.Debug|x86.Build.0 = Debug|Any CPU
		{61BAED57-AC6F-4D3D-B63B-6DF2B4483EB0}.Release|Any CPU.ActiveCfg = Release|Any CPU
		{61BAED57-AC6F-4D3D-B63B-6DF2B4483EB0}.Release|Any CPU.Build.0 = Release|Any CPU
		{61BAED57-AC6F-4D3D-B63B-6DF2B4483EB0}.Release|x64.ActiveCfg = Release|Any CPU
		{61BAED57-AC6F-4D3D-B63B-6DF2B4483EB0}.Release|x64.Build.0 = Release|Any CPU
		{61BAED57-AC6F-4D3D-B63B-6DF2B4483EB0}.Release|x86.ActiveCfg = Release|Any CPU
		{61BAED57-AC6F-4D3D-B63B-6DF2B4483EB0}.Release|x86.Build.0 = Release|Any CPU
		{7C03B876-AA36-4E43-82D1-4F88C04ADFA8}.Debug|Any CPU.ActiveCfg = Debug|Any CPU
		{7C03B876-AA36-4E43-82D1-4F88C04ADFA8}.Debug|Any CPU.Build.0 = Debug|Any CPU
		{7C03B876-AA36-4E43-82D1-4F88C04ADFA8}.Debug|x64.ActiveCfg = Debug|Any CPU
		{7C03B876-AA36-4E43-82D1-4F88C04ADFA8}.Debug|x64.Build.0 = Debug|Any CPU
		{7C03B876-AA36-4E43-82D1-4F88C04ADFA8}.Debug|x86.ActiveCfg = Debug|Any CPU
		{7C03B876-AA36-4E43-82D1-4F88C04ADFA8}.Debug|x86.Build.0 = Debug|Any CPU
		{7C03B876-AA36-4E43-82D1-4F88C04ADFA8}.Release|Any CPU.ActiveCfg = Release|Any CPU
		{7C03B876-AA36-4E43-82D1-4F88C04ADFA8}.Release|Any CPU.Build.0 = Release|Any CPU
		{7C03B876-AA36-4E43-82D1-4F88C04ADFA8}.Release|x64.ActiveCfg = Release|Any CPU
		{7C03B876-AA36-4E43-82D1-4F88C04ADFA8}.Release|x64.Build.0 = Release|Any CPU
		{7C03B876-AA36-4E43-82D1-4F88C04ADFA8}.Release|x86.ActiveCfg = Release|Any CPU
		{7C03B876-AA36-4E43-82D1-4F88C04ADFA8}.Release|x86.Build.0 = Release|Any CPU
		{9CA03C84-753D-498E-BFD5-C7FB8798F64E}.Debug|Any CPU.ActiveCfg = Debug|Any CPU
		{9CA03C84-753D-498E-BFD5-C7FB8798F64E}.Debug|Any CPU.Build.0 = Debug|Any CPU
		{9CA03C84-753D-498E-BFD5-C7FB8798F64E}.Debug|x64.ActiveCfg = Debug|Any CPU
		{9CA03C84-753D-498E-BFD5-C7FB8798F64E}.Debug|x64.Build.0 = Debug|Any CPU
		{9CA03C84-753D-498E-BFD5-C7FB8798F64E}.Debug|x86.ActiveCfg = Debug|Any CPU
		{9CA03C84-753D-498E-BFD5-C7FB8798F64E}.Debug|x86.Build.0 = Debug|Any CPU
		{9CA03C84-753D-498E-BFD5-C7FB8798F64E}.Release|Any CPU.ActiveCfg = Release|Any CPU
		{9CA03C84-753D-498E-BFD5-C7FB8798F64E}.Release|Any CPU.Build.0 = Release|Any CPU
		{9CA03C84-753D-498E-BFD5-C7FB8798F64E}.Release|x64.ActiveCfg = Release|Any CPU
		{9CA03C84-753D-498E-BFD5-C7FB8798F64E}.Release|x64.Build.0 = Release|Any CPU
		{9CA03C84-753D-498E-BFD5-C7FB8798F64E}.Release|x86.ActiveCfg = Release|Any CPU
		{9CA03C84-753D-498E-BFD5-C7FB8798F64E}.Release|x86.Build.0 = Release|Any CPU
		{E45F07EE-1342-499A-80CC-D50AA1879620}.Debug|Any CPU.ActiveCfg = Debug|Any CPU
		{E45F07EE-1342-499A-80CC-D50AA1879620}.Debug|Any CPU.Build.0 = Debug|Any CPU
		{E45F07EE-1342-499A-80CC-D50AA1879620}.Debug|x64.ActiveCfg = Debug|Any CPU
		{E45F07EE-1342-499A-80CC-D50AA1879620}.Debug|x64.Build.0 = Debug|Any CPU
		{E45F07EE-1342-499A-80CC-D50AA1879620}.Debug|x86.ActiveCfg = Debug|Any CPU
		{E45F07EE-1342-499A-80CC-D50AA1879620}.Debug|x86.Build.0 = Debug|Any CPU
		{E45F07EE-1342-499A-80CC-D50AA1879620}.Release|Any CPU.ActiveCfg = Release|Any CPU
		{E45F07EE-1342-499A-80CC-D50AA1879620}.Release|Any CPU.Build.0 = Release|Any CPU
		{E45F07EE-1342-499A-80CC-D50AA1879620}.Release|x64.ActiveCfg = Release|Any CPU
		{E45F07EE-1342-499A-80CC-D50AA1879620}.Release|x64.Build.0 = Release|Any CPU
		{E45F07EE-1342-499A-80CC-D50AA1879620}.Release|x86.ActiveCfg = Release|Any CPU
		{E45F07EE-1342-499A-80CC-D50AA1879620}.Release|x86.Build.0 = Release|Any CPU
		{F852D27D-0C59-4A11-B653-2F09FAA98287}.Debug|Any CPU.ActiveCfg = Debug|Any CPU
		{F852D27D-0C59-4A11-B653-2F09FAA98287}.Debug|Any CPU.Build.0 = Debug|Any CPU
		{F852D27D-0C59-4A11-B653-2F09FAA98287}.Debug|x64.ActiveCfg = Debug|Any CPU
		{F852D27D-0C59-4A11-B653-2F09FAA98287}.Debug|x64.Build.0 = Debug|Any CPU
		{F852D27D-0C59-4A11-B653-2F09FAA98287}.Debug|x86.ActiveCfg = Debug|Any CPU
		{F852D27D-0C59-4A11-B653-2F09FAA98287}.Debug|x86.Build.0 = Debug|Any CPU
		{F852D27D-0C59-4A11-B653-2F09FAA98287}.Release|Any CPU.ActiveCfg = Release|Any CPU
		{F852D27D-0C59-4A11-B653-2F09FAA98287}.Release|Any CPU.Build.0 = Release|Any CPU
		{F852D27D-0C59-4A11-B653-2F09FAA98287}.Release|x64.ActiveCfg = Release|Any CPU
		{F852D27D-0C59-4A11-B653-2F09FAA98287}.Release|x64.Build.0 = Release|Any CPU
		{F852D27D-0C59-4A11-B653-2F09FAA98287}.Release|x86.ActiveCfg = Release|Any CPU
		{F852D27D-0C59-4A11-B653-2F09FAA98287}.Release|x86.Build.0 = Release|Any CPU
		{B7378AE6-D384-4A8A-B6E6-0EE9B36F9DDC}.Debug|Any CPU.ActiveCfg = Debug|Any CPU
		{B7378AE6-D384-4A8A-B6E6-0EE9B36F9DDC}.Debug|Any CPU.Build.0 = Debug|Any CPU
		{B7378AE6-D384-4A8A-B6E6-0EE9B36F9DDC}.Debug|x64.ActiveCfg = Debug|Any CPU
		{B7378AE6-D384-4A8A-B6E6-0EE9B36F9DDC}.Debug|x64.Build.0 = Debug|Any CPU
		{B7378AE6-D384-4A8A-B6E6-0EE9B36F9DDC}.Debug|x86.ActiveCfg = Debug|Any CPU
		{B7378AE6-D384-4A8A-B6E6-0EE9B36F9DDC}.Debug|x86.Build.0 = Debug|Any CPU
		{B7378AE6-D384-4A8A-B6E6-0EE9B36F9DDC}.Release|Any CPU.ActiveCfg = Release|Any CPU
		{B7378AE6-D384-4A8A-B6E6-0EE9B36F9DDC}.Release|Any CPU.Build.0 = Release|Any CPU
		{B7378AE6-D384-4A8A-B6E6-0EE9B36F9DDC}.Release|x64.ActiveCfg = Release|Any CPU
		{B7378AE6-D384-4A8A-B6E6-0EE9B36F9DDC}.Release|x64.Build.0 = Release|Any CPU
		{B7378AE6-D384-4A8A-B6E6-0EE9B36F9DDC}.Release|x86.ActiveCfg = Release|Any CPU
		{B7378AE6-D384-4A8A-B6E6-0EE9B36F9DDC}.Release|x86.Build.0 = Release|Any CPU
		{2DEB96A6-DCDD-4F88-AD7F-DFD1E0DC36A4}.Debug|Any CPU.ActiveCfg = Debug|Any CPU
		{2DEB96A6-DCDD-4F88-AD7F-DFD1E0DC36A4}.Debug|Any CPU.Build.0 = Debug|Any CPU
		{2DEB96A6-DCDD-4F88-AD7F-DFD1E0DC36A4}.Debug|x64.ActiveCfg = Debug|Any CPU
		{2DEB96A6-DCDD-4F88-AD7F-DFD1E0DC36A4}.Debug|x64.Build.0 = Debug|Any CPU
		{2DEB96A6-DCDD-4F88-AD7F-DFD1E0DC36A4}.Debug|x86.ActiveCfg = Debug|Any CPU
		{2DEB96A6-DCDD-4F88-AD7F-DFD1E0DC36A4}.Debug|x86.Build.0 = Debug|Any CPU
		{2DEB96A6-DCDD-4F88-AD7F-DFD1E0DC36A4}.Release|Any CPU.ActiveCfg = Release|Any CPU
		{2DEB96A6-DCDD-4F88-AD7F-DFD1E0DC36A4}.Release|Any CPU.Build.0 = Release|Any CPU
		{2DEB96A6-DCDD-4F88-AD7F-DFD1E0DC36A4}.Release|x64.ActiveCfg = Release|Any CPU
		{2DEB96A6-DCDD-4F88-AD7F-DFD1E0DC36A4}.Release|x64.Build.0 = Release|Any CPU
		{2DEB96A6-DCDD-4F88-AD7F-DFD1E0DC36A4}.Release|x86.ActiveCfg = Release|Any CPU
		{2DEB96A6-DCDD-4F88-AD7F-DFD1E0DC36A4}.Release|x86.Build.0 = Release|Any CPU
		{20710520-26FF-4979-AAF5-FEFF4D2A36B0}.Debug|Any CPU.ActiveCfg = Debug|Any CPU
		{20710520-26FF-4979-AAF5-FEFF4D2A36B0}.Debug|Any CPU.Build.0 = Debug|Any CPU
		{20710520-26FF-4979-AAF5-FEFF4D2A36B0}.Debug|Any CPU.Deploy.0 = Debug|Any CPU
		{20710520-26FF-4979-AAF5-FEFF4D2A36B0}.Debug|x64.ActiveCfg = Debug|Any CPU
		{20710520-26FF-4979-AAF5-FEFF4D2A36B0}.Debug|x64.Build.0 = Debug|Any CPU
		{20710520-26FF-4979-AAF5-FEFF4D2A36B0}.Debug|x86.ActiveCfg = Debug|Any CPU
		{20710520-26FF-4979-AAF5-FEFF4D2A36B0}.Debug|x86.Build.0 = Debug|Any CPU
		{20710520-26FF-4979-AAF5-FEFF4D2A36B0}.Release|Any CPU.ActiveCfg = Release|Any CPU
		{20710520-26FF-4979-AAF5-FEFF4D2A36B0}.Release|Any CPU.Build.0 = Release|Any CPU
		{20710520-26FF-4979-AAF5-FEFF4D2A36B0}.Release|x64.ActiveCfg = Release|Any CPU
		{20710520-26FF-4979-AAF5-FEFF4D2A36B0}.Release|x64.Build.0 = Release|Any CPU
		{20710520-26FF-4979-AAF5-FEFF4D2A36B0}.Release|x86.ActiveCfg = Release|Any CPU
		{20710520-26FF-4979-AAF5-FEFF4D2A36B0}.Release|x86.Build.0 = Release|Any CPU
	EndGlobalSection
	GlobalSection(SolutionProperties) = preSolution
		HideSolutionNode = FALSE
	EndGlobalSection
	GlobalSection(NestedProjects) = preSolution
		{0F9113EE-888A-26D2-68B0-4A7D0A2A8745} = {1AE8ACA6-933B-BF2A-3671-3E2EAC007D16}
		{E316D3E7-3351-435C-9D7F-03F248F40D64} = {0F9113EE-888A-26D2-68B0-4A7D0A2A8745}
		{7B3B7200-A043-4E09-AE68-088EFFC17A31} = {0F9113EE-888A-26D2-68B0-4A7D0A2A8745}
		{61BAED57-AC6F-4D3D-B63B-6DF2B4483EB0} = {0F9113EE-888A-26D2-68B0-4A7D0A2A8745}
		{7C03B876-AA36-4E43-82D1-4F88C04ADFA8} = {0F9113EE-888A-26D2-68B0-4A7D0A2A8745}
		{9CA03C84-753D-498E-BFD5-C7FB8798F64E} = {1AE8ACA6-933B-BF2A-3671-3E2EAC007D16}
		{E45F07EE-1342-499A-80CC-D50AA1879620} = {9123F88B-E531-3118-42D7-ED8CEF4BD00E}
		{F852D27D-0C59-4A11-B653-2F09FAA98287} = {9123F88B-E531-3118-42D7-ED8CEF4BD00E}
		{B7378AE6-D384-4A8A-B6E6-0EE9B36F9DDC} = {9123F88B-E531-3118-42D7-ED8CEF4BD00E}
		{2DEB96A6-DCDD-4F88-AD7F-DFD1E0DC36A4} = {9123F88B-E531-3118-42D7-ED8CEF4BD00E}
		{20710520-26FF-4979-AAF5-FEFF4D2A36B0} = {9123F88B-E531-3118-42D7-ED8CEF4BD00E}
	EndGlobalSection
	GlobalSection(ExtensibilityGlobals) = postSolution
		SolutionGuid = {56A47568-23B8-47D4-B26A-EB551EA890B1}
	EndGlobalSection
EndGlobal
