
Microsoft Visual Studio Solution File, Format Version 12.00
# Visual Studio Version 17
VisualStudioVersion = 17.0.31903.59
MinimumVisualStudioVersion = 10.0.40219.1
Project("{2150E333-8FDC-42A3-9474-1A3956D46DE8}") = "src", "src", "{827E0CD3-B72D-47B6-A68D-7590B98EB39B}"
EndProject
Project("{FAE04EC0-301F-11D3-BF4B-00C04F79EFBC}") = "Api", "src\Api\Api.csproj", "{F18A13D3-01F8-4DA9-ADBD-C73C628192A3}"
EndProject
Project("{FAE04EC0-301F-11D3-BF4B-00C04F79EFBC}") = "Application", "src\Application\Application.csproj", "{C9173E89-D1B0-48CA-8684-9E276761AB6A}"
EndProject
Project("{FAE04EC0-301F-11D3-BF4B-00C04F79EFBC}") = "Domain", "src\Domain\Domain.csproj", "{D406D55D-5B78-4CC3-A1F6-2EC8259747CC}"
EndProject
Project("{FAE04EC0-301F-11D3-BF4B-00C04F79EFBC}") = "Infrastructure", "src\Infrastructure\Infrastructure.csproj", "{232ADC28-5C52-4702-9819-01C66A67B60E}"
EndProject
Project("{FAE04EC0-301F-11D3-BF4B-00C04F79EFBC}") = "UnitTests", "UnitTests\UnitTests.csproj", "{14533F46-C9F1-4EBC-BF14-D93D0F578A4E}"
EndProject
Global
	GlobalSection(SolutionConfigurationPlatforms) = preSolution
		Debug|Any CPU = Debug|Any CPU
		Debug|x64 = Debug|x64
		Debug|x86 = Debug|x86
		Release|Any CPU = Release|Any CPU
		Release|x64 = Release|x64
		Release|x86 = Release|x86
	EndGlobalSection
	GlobalSection(ProjectConfigurationPlatforms) = postSolution
		{F18A13D3-01F8-4DA9-ADBD-C73C628192A3}.Debug|Any CPU.ActiveCfg = Debug|Any CPU
		{F18A13D3-01F8-4DA9-ADBD-C73C628192A3}.Debug|Any CPU.Build.0 = Debug|Any CPU
		{F18A13D3-01F8-4DA9-ADBD-C73C628192A3}.Debug|x64.ActiveCfg = Debug|Any CPU
		{F18A13D3-01F8-4DA9-ADBD-C73C628192A3}.Debug|x64.Build.0 = Debug|Any CPU
		{F18A13D3-01F8-4DA9-ADBD-C73C628192A3}.Debug|x86.ActiveCfg = Debug|Any CPU
		{F18A13D3-01F8-4DA9-ADBD-C73C628192A3}.Debug|x86.Build.0 = Debug|Any CPU
		{F18A13D3-01F8-4DA9-ADBD-C73C628192A3}.Release|Any CPU.ActiveCfg = Release|Any CPU
		{F18A13D3-01F8-4DA9-ADBD-C73C628192A3}.Release|Any CPU.Build.0 = Release|Any CPU
		{F18A13D3-01F8-4DA9-ADBD-C73C628192A3}.Release|x64.ActiveCfg = Release|Any CPU
		{F18A13D3-01F8-4DA9-ADBD-C73C628192A3}.Release|x64.Build.0 = Release|Any CPU
		{F18A13D3-01F8-4DA9-ADBD-C73C628192A3}.Release|x86.ActiveCfg = Release|Any CPU
		{F18A13D3-01F8-4DA9-ADBD-C73C628192A3}.Release|x86.Build.0 = Release|Any CPU
		{C9173E89-D1B0-48CA-8684-9E276761AB6A}.Debug|Any CPU.ActiveCfg = Debug|Any CPU
		{C9173E89-D1B0-48CA-8684-9E276761AB6A}.Debug|Any CPU.Build.0 = Debug|Any CPU
		{C9173E89-D1B0-48CA-8684-9E276761AB6A}.Debug|x64.ActiveCfg = Debug|Any CPU
		{C9173E89-D1B0-48CA-8684-9E276761AB6A}.Debug|x64.Build.0 = Debug|Any CPU
		{C9173E89-D1B0-48CA-8684-9E276761AB6A}.Debug|x86.ActiveCfg = Debug|Any CPU
		{C9173E89-D1B0-48CA-8684-9E276761AB6A}.Debug|x86.Build.0 = Debug|Any CPU
		{C9173E89-D1B0-48CA-8684-9E276761AB6A}.Release|Any CPU.ActiveCfg = Release|Any CPU
		{C9173E89-D1B0-48CA-8684-9E276761AB6A}.Release|Any CPU.Build.0 = Release|Any CPU
		{C9173E89-D1B0-48CA-8684-9E276761AB6A}.Release|x64.ActiveCfg = Release|Any CPU
		{C9173E89-D1B0-48CA-8684-9E276761AB6A}.Release|x64.Build.0 = Release|Any CPU
		{C9173E89-D1B0-48CA-8684-9E276761AB6A}.Release|x86.ActiveCfg = Release|Any CPU
		{C9173E89-D1B0-48CA-8684-9E276761AB6A}.Release|x86.Build.0 = Release|Any CPU
		{D406D55D-5B78-4CC3-A1F6-2EC8259747CC}.Debug|Any CPU.ActiveCfg = Debug|Any CPU
		{D406D55D-5B78-4CC3-A1F6-2EC8259747CC}.Debug|Any CPU.Build.0 = Debug|Any CPU
		{D406D55D-5B78-4CC3-A1F6-2EC8259747CC}.Debug|x64.ActiveCfg = Debug|Any CPU
		{D406D55D-5B78-4CC3-A1F6-2EC8259747CC}.Debug|x64.Build.0 = Debug|Any CPU
		{D406D55D-5B78-4CC3-A1F6-2EC8259747CC}.Debug|x86.ActiveCfg = Debug|Any CPU
		{D406D55D-5B78-4CC3-A1F6-2EC8259747CC}.Debug|x86.Build.0 = Debug|Any CPU
		{D406D55D-5B78-4CC3-A1F6-2EC8259747CC}.Release|Any CPU.ActiveCfg = Release|Any CPU
		{D406D55D-5B78-4CC3-A1F6-2EC8259747CC}.Release|Any CPU.Build.0 = Release|Any CPU
		{D406D55D-5B78-4CC3-A1F6-2EC8259747CC}.Release|x64.ActiveCfg = Release|Any CPU
		{D406D55D-5B78-4CC3-A1F6-2EC8259747CC}.Release|x64.Build.0 = Release|Any CPU
		{D406D55D-5B78-4CC3-A1F6-2EC8259747CC}.Release|x86.ActiveCfg = Release|Any CPU
		{D406D55D-5B78-4CC3-A1F6-2EC8259747CC}.Release|x86.Build.0 = Release|Any CPU
		{232ADC28-5C52-4702-9819-01C66A67B60E}.Debug|Any CPU.ActiveCfg = Debug|Any CPU
		{232ADC28-5C52-4702-9819-01C66A67B60E}.Debug|Any CPU.Build.0 = Debug|Any CPU
		{232ADC28-5C52-4702-9819-01C66A67B60E}.Debug|x64.ActiveCfg = Debug|Any CPU
		{232ADC28-5C52-4702-9819-01C66A67B60E}.Debug|x64.Build.0 = Debug|Any CPU
		{232ADC28-5C52-4702-9819-01C66A67B60E}.Debug|x86.ActiveCfg = Debug|Any CPU
		{232ADC28-5C52-4702-9819-01C66A67B60E}.Debug|x86.Build.0 = Debug|Any CPU
		{232ADC28-5C52-4702-9819-01C66A67B60E}.Release|Any CPU.ActiveCfg = Release|Any CPU
		{232ADC28-5C52-4702-9819-01C66A67B60E}.Release|Any CPU.Build.0 = Release|Any CPU
		{232ADC28-5C52-4702-9819-01C66A67B60E}.Release|x64.ActiveCfg = Release|Any CPU
		{232ADC28-5C52-4702-9819-01C66A67B60E}.Release|x64.Build.0 = Release|Any CPU
		{232ADC28-5C52-4702-9819-01C66A67B60E}.Release|x86.ActiveCfg = Release|Any CPU
		{232ADC28-5C52-4702-9819-01C66A67B60E}.Release|x86.Build.0 = Release|Any CPU
		{14533F46-C9F1-4EBC-BF14-D93D0F578A4E}.Debug|Any CPU.ActiveCfg = Debug|Any CPU
		{14533F46-C9F1-4EBC-BF14-D93D0F578A4E}.Debug|Any CPU.Build.0 = Debug|Any CPU
		{14533F46-C9F1-4EBC-BF14-D93D0F578A4E}.Debug|x64.ActiveCfg = Debug|Any CPU
		{14533F46-C9F1-4EBC-BF14-D93D0F578A4E}.Debug|x64.Build.0 = Debug|Any CPU
		{14533F46-C9F1-4EBC-BF14-D93D0F578A4E}.Debug|x86.ActiveCfg = Debug|Any CPU
		{14533F46-C9F1-4EBC-BF14-D93D0F578A4E}.Debug|x86.Build.0 = Debug|Any CPU
		{14533F46-C9F1-4EBC-BF14-D93D0F578A4E}.Release|Any CPU.ActiveCfg = Release|Any CPU
		{14533F46-C9F1-4EBC-BF14-D93D0F578A4E}.Release|Any CPU.Build.0 = Release|Any CPU
		{14533F46-C9F1-4EBC-BF14-D93D0F578A4E}.Release|x64.ActiveCfg = Release|Any CPU
		{14533F46-C9F1-4EBC-BF14-D93D0F578A4E}.Release|x64.Build.0 = Release|Any CPU
		{14533F46-C9F1-4EBC-BF14-D93D0F578A4E}.Release|x86.ActiveCfg = Release|Any CPU
		{14533F46-C9F1-4EBC-BF14-D93D0F578A4E}.Release|x86.Build.0 = Release|Any CPU
	EndGlobalSection
	GlobalSection(SolutionProperties) = preSolution
		HideSolutionNode = FALSE
	EndGlobalSection
	GlobalSection(NestedProjects) = preSolution
		{F18A13D3-01F8-4DA9-ADBD-C73C628192A3} = {827E0CD3-B72D-47B6-A68D-7590B98EB39B}
		{C9173E89-D1B0-48CA-8684-9E276761AB6A} = {827E0CD3-B72D-47B6-A68D-7590B98EB39B}
		{D406D55D-5B78-4CC3-A1F6-2EC8259747CC} = {827E0CD3-B72D-47B6-A68D-7590B98EB39B}
		{232ADC28-5C52-4702-9819-01C66A67B60E} = {827E0CD3-B72D-47B6-A68D-7590B98EB39B}
	EndGlobalSection
EndGlobal
